// !$*UTF8*$!
{
	archiveVersion = 1;
	classes = {
	};
	objectVersion = 50;
	objects = {

/* Begin PBXBuildFile section */
		6E240A1327DF3C6E00D76C14 /* ContentAddViewModel.swift in Sources */ = {isa = PBXBuildFile; fileRef = 6E240A1227DF3C6E00D76C14 /* ContentAddViewModel.swift */; };
		6E240A1527DF3C7F00D76C14 /* ContentAddView.swift in Sources */ = {isa = PBXBuildFile; fileRef = 6E240A1427DF3C7F00D76C14 /* ContentAddView.swift */; };
		6E240A1927DF7AB400D76C14 /* ContentDetailView.swift in Sources */ = {isa = PBXBuildFile; fileRef = 6E240A1827DF7AB400D76C14 /* ContentDetailView.swift */; };
		6E240A1B27DF7ABD00D76C14 /* ContentDetailViewModel.swift in Sources */ = {isa = PBXBuildFile; fileRef = 6E240A1A27DF7ABD00D76C14 /* ContentDetailViewModel.swift */; };
		6E930378278AAC5F006025AB /* plaplaApp.swift in Sources */ = {isa = PBXBuildFile; fileRef = 6E930377278AAC5F006025AB /* plaplaApp.swift */; };
		6E93037C278AAC60006025AB /* Assets.xcassets in Resources */ = {isa = PBXBuildFile; fileRef = 6E93037B278AAC60006025AB /* Assets.xcassets */; };
		6E93037F278AAC60006025AB /* Preview Assets.xcassets in Resources */ = {isa = PBXBuildFile; fileRef = 6E93037E278AAC60006025AB /* Preview Assets.xcassets */; };
		6E9BCF5D278BFBF700074C64 /* Logger.swift in Sources */ = {isa = PBXBuildFile; fileRef = 6E9BCF5C278BFBF700074C64 /* Logger.swift */; };
		6E9BCF5F278BFF1800074C64 /* HomeTabView.swift in Sources */ = {isa = PBXBuildFile; fileRef = 6E9BCF5E278BFF1800074C64 /* HomeTabView.swift */; };
		6E9BCF61278C017A00074C64 /* HomeView.swift in Sources */ = {isa = PBXBuildFile; fileRef = 6E9BCF60278C017A00074C64 /* HomeView.swift */; };
		6E9BCF63278C01F700074C64 /* LibraryView.swift in Sources */ = {isa = PBXBuildFile; fileRef = 6E9BCF62278C01F700074C64 /* LibraryView.swift */; };
		6E9BCF65278C020300074C64 /* MyPageView.swift in Sources */ = {isa = PBXBuildFile; fileRef = 6E9BCF64278C020300074C64 /* MyPageView.swift */; };
		6ECDFC66279453DC00B1E35A /* LibraryViewModel.swift in Sources */ = {isa = PBXBuildFile; fileRef = 6ECDFC65279453DC00B1E35A /* LibraryViewModel.swift */; };
		6ECDFC682794617200B1E35A /* MyPageViewModel.swift in Sources */ = {isa = PBXBuildFile; fileRef = 6ECDFC672794617100B1E35A /* MyPageViewModel.swift */; };
		6EFAB275278C17B700D1C9E5 /* Content.swift in Sources */ = {isa = PBXBuildFile; fileRef = 6EFAB274278C17B700D1C9E5 /* Content.swift */; };
		6EFAB277278C18A700D1C9E5 /* HomeViewModel.swift in Sources */ = {isa = PBXBuildFile; fileRef = 6EFAB276278C18A700D1C9E5 /* HomeViewModel.swift */; };
		6EFAB279278C1AAB00D1C9E5 /* View.swift in Sources */ = {isa = PBXBuildFile; fileRef = 6EFAB278278C1AAB00D1C9E5 /* View.swift */; };
/* End PBXBuildFile section */

/* Begin PBXFileReference section */
		6E240A1227DF3C6E00D76C14 /* ContentAddViewModel.swift */ = {isa = PBXFileReference; lastKnownFileType = sourcecode.swift; path = ContentAddViewModel.swift; sourceTree = "<group>"; };
		6E240A1427DF3C7F00D76C14 /* ContentAddView.swift */ = {isa = PBXFileReference; lastKnownFileType = sourcecode.swift; path = ContentAddView.swift; sourceTree = "<group>"; };
		6E240A1827DF7AB400D76C14 /* ContentDetailView.swift */ = {isa = PBXFileReference; lastKnownFileType = sourcecode.swift; path = ContentDetailView.swift; sourceTree = "<group>"; };
		6E240A1A27DF7ABD00D76C14 /* ContentDetailViewModel.swift */ = {isa = PBXFileReference; lastKnownFileType = sourcecode.swift; path = ContentDetailViewModel.swift; sourceTree = "<group>"; };
		6E930374278AAC5F006025AB /* plapla.app */ = {isa = PBXFileReference; explicitFileType = wrapper.application; includeInIndex = 0; path = plapla.app; sourceTree = BUILT_PRODUCTS_DIR; };
		6E930377278AAC5F006025AB /* plaplaApp.swift */ = {isa = PBXFileReference; lastKnownFileType = sourcecode.swift; path = plaplaApp.swift; sourceTree = "<group>"; };
		6E93037B278AAC60006025AB /* Assets.xcassets */ = {isa = PBXFileReference; lastKnownFileType = folder.assetcatalog; name = Assets.xcassets; path = ../Assets.xcassets; sourceTree = "<group>"; };
		6E93037E278AAC60006025AB /* Preview Assets.xcassets */ = {isa = PBXFileReference; lastKnownFileType = folder.assetcatalog; path = "Preview Assets.xcassets"; sourceTree = "<group>"; };
		6E930380278AAC60006025AB /* Info.plist */ = {isa = PBXFileReference; lastKnownFileType = text.plist.xml; path = Info.plist; sourceTree = "<group>"; };
		6E9BCF5C278BFBF700074C64 /* Logger.swift */ = {isa = PBXFileReference; lastKnownFileType = sourcecode.swift; path = Logger.swift; sourceTree = "<group>"; };
		6E9BCF5E278BFF1800074C64 /* HomeTabView.swift */ = {isa = PBXFileReference; lastKnownFileType = sourcecode.swift; path = HomeTabView.swift; sourceTree = "<group>"; };
		6E9BCF60278C017A00074C64 /* HomeView.swift */ = {isa = PBXFileReference; lastKnownFileType = sourcecode.swift; path = HomeView.swift; sourceTree = "<group>"; };
		6E9BCF62278C01F700074C64 /* LibraryView.swift */ = {isa = PBXFileReference; lastKnownFileType = sourcecode.swift; path = LibraryView.swift; sourceTree = "<group>"; };
		6E9BCF64278C020300074C64 /* MyPageView.swift */ = {isa = PBXFileReference; lastKnownFileType = sourcecode.swift; path = MyPageView.swift; sourceTree = "<group>"; };
		6ECDFC65279453DC00B1E35A /* LibraryViewModel.swift */ = {isa = PBXFileReference; lastKnownFileType = sourcecode.swift; path = LibraryViewModel.swift; sourceTree = "<group>"; };
		6ECDFC672794617100B1E35A /* MyPageViewModel.swift */ = {isa = PBXFileReference; lastKnownFileType = sourcecode.swift; path = MyPageViewModel.swift; sourceTree = "<group>"; };
		6EFAB274278C17B700D1C9E5 /* Content.swift */ = {isa = PBXFileReference; lastKnownFileType = sourcecode.swift; path = Content.swift; sourceTree = "<group>"; };
		6EFAB276278C18A700D1C9E5 /* HomeViewModel.swift */ = {isa = PBXFileReference; lastKnownFileType = sourcecode.swift; path = HomeViewModel.swift; sourceTree = "<group>"; };
		6EFAB278278C1AAB00D1C9E5 /* View.swift */ = {isa = PBXFileReference; lastKnownFileType = sourcecode.swift; path = View.swift; sourceTree = "<group>"; };
/* End PBXFileReference section */

/* Begin PBXFrameworksBuildPhase section */
		6E930371278AAC5F006025AB /* Frameworks */ = {
			isa = PBXFrameworksBuildPhase;
			buildActionMask = 2147483647;
			files = (
			);
			runOnlyForDeploymentPostprocessing = 0;
		};
/* End PBXFrameworksBuildPhase section */

/* Begin PBXGroup section */
		6E240A1127DF3C2F00D76C14 /* ContentAddView */ = {
			isa = PBXGroup;
			children = (
				6E240A1427DF3C7F00D76C14 /* ContentAddView.swift */,
				6E240A1227DF3C6E00D76C14 /* ContentAddViewModel.swift */,
			);
			path = ContentAddView;
			sourceTree = "<group>";
		};
		6E240A1727DF7A8B00D76C14 /* ContentDetailView */ = {
			isa = PBXGroup;
			children = (
				6E240A1827DF7AB400D76C14 /* ContentDetailView.swift */,
				6E240A1A27DF7ABD00D76C14 /* ContentDetailViewModel.swift */,
			);
			path = ContentDetailView;
			sourceTree = "<group>";
		};
		6E240A1C27DF7DFB00D76C14 /* Home */ = {
			isa = PBXGroup;
			children = (
				6ECDFC5F2794054600B1E35A /* HomeView */,
				6E240A1127DF3C2F00D76C14 /* ContentAddView */,
			);
			path = Home;
			sourceTree = "<group>";
		};
		6E240A1D27DF7E1900D76C14 /* Library */ = {
			isa = PBXGroup;
			children = (
				6ECDFC62279405AB00B1E35A /* LibraryView */,
				6E240A1727DF7A8B00D76C14 /* ContentDetailView */,
			);
			path = Library;
			sourceTree = "<group>";
		};
		6E93036B278AAC5F006025AB = {
			isa = PBXGroup;
			children = (
				6E930376278AAC5F006025AB /* plapla */,
				6E930375278AAC5F006025AB /* Products */,
			);
			sourceTree = "<group>";
		};
		6E930375278AAC5F006025AB /* Products */ = {
			isa = PBXGroup;
			children = (
				6E930374278AAC5F006025AB /* plapla.app */,
			);
			name = Products;
			sourceTree = "<group>";
		};
		6E930376278AAC5F006025AB /* plapla */ = {
			isa = PBXGroup;
			children = (
				6E930380278AAC60006025AB /* Info.plist */,
				6E93037B278AAC60006025AB /* Assets.xcassets */,
				6E93037D278AAC60006025AB /* Preview Content */,
				6ECDFC602794056000B1E35A /* View */,
				6EFAB273278C175F00D1C9E5 /* Model */,
				6ECDFC642794060A00B1E35A /* Extention */,
				6E930377278AAC5F006025AB /* plaplaApp.swift */,
				6E9BCF5C278BFBF700074C64 /* Logger.swift */,
			);
			path = plapla;
			sourceTree = "<group>";
		};
		6E93037D278AAC60006025AB /* Preview Content */ = {
			isa = PBXGroup;
			children = (
				6E93037E278AAC60006025AB /* Preview Assets.xcassets */,
			);
			name = "Preview Content";
			path = "../Preview Content";
			sourceTree = "<group>";
		};
		6ECDFC5F2794054600B1E35A /* HomeView */ = {
			isa = PBXGroup;
			children = (
				6E9BCF60278C017A00074C64 /* HomeView.swift */,
				6EFAB276278C18A700D1C9E5 /* HomeViewModel.swift */,
			);
			path = HomeView;
			sourceTree = "<group>";
		};
		6ECDFC602794056000B1E35A /* View */ = {
			isa = PBXGroup;
			children = (
				6ECDFC612794058300B1E35A /* HomeTabView */,
				6E240A1C27DF7DFB00D76C14 /* Home */,
				6E240A1D27DF7E1900D76C14 /* Library */,
				6ECDFC63279405BF00B1E35A /* MyPageView */,
			);
			path = View;
			sourceTree = "<group>";
		};
		6ECDFC612794058300B1E35A /* HomeTabView */ = {
			isa = PBXGroup;
			children = (
				6E9BCF5E278BFF1800074C64 /* HomeTabView.swift */,
			);
			path = HomeTabView;
			sourceTree = "<group>";
		};
		6ECDFC62279405AB00B1E35A /* LibraryView */ = {
			isa = PBXGroup;
			children = (
				6E9BCF62278C01F700074C64 /* LibraryView.swift */,
				6ECDFC65279453DC00B1E35A /* LibraryViewModel.swift */,
			);
			path = LibraryView;
			sourceTree = "<group>";
		};
		6ECDFC63279405BF00B1E35A /* MyPageView */ = {
			isa = PBXGroup;
			children = (
				6E9BCF64278C020300074C64 /* MyPageView.swift */,
				6ECDFC672794617100B1E35A /* MyPageViewModel.swift */,
			);
			path = MyPageView;
			sourceTree = "<group>";
		};
		6ECDFC642794060A00B1E35A /* Extention */ = {
			isa = PBXGroup;
			children = (
				6EFAB278278C1AAB00D1C9E5 /* View.swift */,
			);
			path = Extention;
			sourceTree = "<group>";
		};
		6EFAB273278C175F00D1C9E5 /* Model */ = {
			isa = PBXGroup;
			children = (
				6EFAB274278C17B700D1C9E5 /* Content.swift */,
			);
			path = Model;
			sourceTree = "<group>";
		};
/* End PBXGroup section */

/* Begin PBXNativeTarget section */
		6E930373278AAC5F006025AB /* plapla */ = {
			isa = PBXNativeTarget;
			buildConfigurationList = 6E930383278AAC60006025AB /* Build configuration list for PBXNativeTarget "plapla" */;
			buildPhases = (
				6E930370278AAC5F006025AB /* Sources */,
				6E930371278AAC5F006025AB /* Frameworks */,
				6E930372278AAC5F006025AB /* Resources */,
			);
			buildRules = (
			);
			dependencies = (
			);
			name = plapla;
			productName = plapla;
			productReference = 6E930374278AAC5F006025AB /* plapla.app */;
			productType = "com.apple.product-type.application";
		};
/* End PBXNativeTarget section */

/* Begin PBXProject section */
		6E93036C278AAC5F006025AB /* Project object */ = {
			isa = PBXProject;
			attributes = {
				LastSwiftUpdateCheck = 1210;
				LastUpgradeCheck = 1210;
				TargetAttributes = {
					6E930373278AAC5F006025AB = {
						CreatedOnToolsVersion = 12.1;
					};
				};
			};
			buildConfigurationList = 6E93036F278AAC5F006025AB /* Build configuration list for PBXProject "plapla" */;
			compatibilityVersion = "Xcode 9.3";
			developmentRegion = en;
			hasScannedForEncodings = 0;
			knownRegions = (
				en,
				Base,
			);
			mainGroup = 6E93036B278AAC5F006025AB;
			productRefGroup = 6E930375278AAC5F006025AB /* Products */;
			projectDirPath = "";
			projectRoot = "";
			targets = (
				6E930373278AAC5F006025AB /* plapla */,
			);
		};
/* End PBXProject section */

/* Begin PBXResourcesBuildPhase section */
		6E930372278AAC5F006025AB /* Resources */ = {
			isa = PBXResourcesBuildPhase;
			buildActionMask = 2147483647;
			files = (
				6E93037F278AAC60006025AB /* Preview Assets.xcassets in Resources */,
				6E93037C278AAC60006025AB /* Assets.xcassets in Resources */,
			);
			runOnlyForDeploymentPostprocessing = 0;
		};
/* End PBXResourcesBuildPhase section */

/* Begin PBXSourcesBuildPhase section */
		6E930370278AAC5F006025AB /* Sources */ = {
			isa = PBXSourcesBuildPhase;
			buildActionMask = 2147483647;
			files = (
				6E9BCF5F278BFF1800074C64 /* HomeTabView.swift in Sources */,
				6E240A1527DF3C7F00D76C14 /* ContentAddView.swift in Sources */,
				6E9BCF61278C017A00074C64 /* HomeView.swift in Sources */,
				6E240A1927DF7AB400D76C14 /* ContentDetailView.swift in Sources */,
				6EFAB275278C17B700D1C9E5 /* Content.swift in Sources */,
				6EFAB277278C18A700D1C9E5 /* HomeViewModel.swift in Sources */,
				6ECDFC682794617200B1E35A /* MyPageViewModel.swift in Sources */,
				6E9BCF5D278BFBF700074C64 /* Logger.swift in Sources */,
				6EFAB279278C1AAB00D1C9E5 /* View.swift in Sources */,
				6E9BCF63278C01F700074C64 /* LibraryView.swift in Sources */,
				6E240A1327DF3C6E00D76C14 /* ContentAddViewModel.swift in Sources */,
				6E930378278AAC5F006025AB /* plaplaApp.swift in Sources */,
				6ECDFC66279453DC00B1E35A /* LibraryViewModel.swift in Sources */,
				6E240A1B27DF7ABD00D76C14 /* ContentDetailViewModel.swift in Sources */,
				6E9BCF65278C020300074C64 /* MyPageView.swift in Sources */,
			);
			runOnlyForDeploymentPostprocessing = 0;
		};
/* End PBXSourcesBuildPhase section */

/* Begin XCBuildConfiguration section */
		6E930381278AAC60006025AB /* Debug */ = {
			isa = XCBuildConfiguration;
			buildSettings = {
				ALWAYS_SEARCH_USER_PATHS = NO;
				CLANG_ANALYZER_NONNULL = YES;
				CLANG_ANALYZER_NUMBER_OBJECT_CONVERSION = YES_AGGRESSIVE;
				CLANG_CXX_LANGUAGE_STANDARD = "gnu++14";
				CLANG_CXX_LIBRARY = "libc++";
				CLANG_ENABLE_MODULES = YES;
				CLANG_ENABLE_OBJC_ARC = YES;
				CLANG_ENABLE_OBJC_WEAK = YES;
				CLANG_WARN_BLOCK_CAPTURE_AUTORELEASING = YES;
				CLANG_WARN_BOOL_CONVERSION = YES;
				CLANG_WARN_COMMA = YES;
				CLANG_WARN_CONSTANT_CONVERSION = YES;
				CLANG_WARN_DEPRECATED_OBJC_IMPLEMENTATIONS = YES;
				CLANG_WARN_DIRECT_OBJC_ISA_USAGE = YES_ERROR;
				CLANG_WARN_DOCUMENTATION_COMMENTS = YES;
				CLANG_WARN_EMPTY_BODY = YES;
				CLANG_WARN_ENUM_CONVERSION = YES;
				CLANG_WARN_INFINITE_RECURSION = YES;
				CLANG_WARN_INT_CONVERSION = YES;
				CLANG_WARN_NON_LITERAL_NULL_CONVERSION = YES;
				CLANG_WARN_OBJC_IMPLICIT_RETAIN_SELF = YES;
				CLANG_WARN_OBJC_LITERAL_CONVERSION = YES;
				CLANG_WARN_OBJC_ROOT_CLASS = YES_ERROR;
				CLANG_WARN_QUOTED_INCLUDE_IN_FRAMEWORK_HEADER = YES;
				CLANG_WARN_RANGE_LOOP_ANALYSIS = YES;
				CLANG_WARN_STRICT_PROTOTYPES = YES;
				CLANG_WARN_SUSPICIOUS_MOVE = YES;
				CLANG_WARN_UNGUARDED_AVAILABILITY = YES_AGGRESSIVE;
				CLANG_WARN_UNREACHABLE_CODE = YES;
				CLANG_WARN__DUPLICATE_METHOD_MATCH = YES;
				COPY_PHASE_STRIP = NO;
				DEBUG_INFORMATION_FORMAT = dwarf;
				ENABLE_STRICT_OBJC_MSGSEND = YES;
				ENABLE_TESTABILITY = YES;
				GCC_C_LANGUAGE_STANDARD = gnu11;
				GCC_DYNAMIC_NO_PIC = NO;
				GCC_NO_COMMON_BLOCKS = YES;
				GCC_OPTIMIZATION_LEVEL = 0;
				GCC_PREPROCESSOR_DEFINITIONS = (
					"DEBUG=1",
					"$(inherited)",
				);
				GCC_WARN_64_TO_32_BIT_CONVERSION = YES;
				GCC_WARN_ABOUT_RETURN_TYPE = YES_ERROR;
				GCC_WARN_UNDECLARED_SELECTOR = YES;
				GCC_WARN_UNINITIALIZED_AUTOS = YES_AGGRESSIVE;
				GCC_WARN_UNUSED_FUNCTION = YES;
				GCC_WARN_UNUSED_VARIABLE = YES;
				IPHONEOS_DEPLOYMENT_TARGET = 15.0;
				MTL_ENABLE_DEBUG_INFO = INCLUDE_SOURCE;
				MTL_FAST_MATH = YES;
				ONLY_ACTIVE_ARCH = YES;
				SDKROOT = iphoneos;
				SWIFT_ACTIVE_COMPILATION_CONDITIONS = DEBUG;
				SWIFT_OPTIMIZATION_LEVEL = "-Onone";
			};
			name = Debug;
		};
		6E930382278AAC60006025AB /* Release */ = {
			isa = XCBuildConfiguration;
			buildSettings = {
				ALWAYS_SEARCH_USER_PATHS = NO;
				CLANG_ANALYZER_NONNULL = YES;
				CLANG_ANALYZER_NUMBER_OBJECT_CONVERSION = YES_AGGRESSIVE;
				CLANG_CXX_LANGUAGE_STANDARD = "gnu++14";
				CLANG_CXX_LIBRARY = "libc++";
				CLANG_ENABLE_MODULES = YES;
				CLANG_ENABLE_OBJC_ARC = YES;
				CLANG_ENABLE_OBJC_WEAK = YES;
				CLANG_WARN_BLOCK_CAPTURE_AUTORELEASING = YES;
				CLANG_WARN_BOOL_CONVERSION = YES;
				CLANG_WARN_COMMA = YES;
				CLANG_WARN_CONSTANT_CONVERSION = YES;
				CLANG_WARN_DEPRECATED_OBJC_IMPLEMENTATIONS = YES;
				CLANG_WARN_DIRECT_OBJC_ISA_USAGE = YES_ERROR;
				CLANG_WARN_DOCUMENTATION_COMMENTS = YES;
				CLANG_WARN_EMPTY_BODY = YES;
				CLANG_WARN_ENUM_CONVERSION = YES;
				CLANG_WARN_INFINITE_RECURSION = YES;
				CLANG_WARN_INT_CONVERSION = YES;
				CLANG_WARN_NON_LITERAL_NULL_CONVERSION = YES;
				CLANG_WARN_OBJC_IMPLICIT_RETAIN_SELF = YES;
				CLANG_WARN_OBJC_LITERAL_CONVERSION = YES;
				CLANG_WARN_OBJC_ROOT_CLASS = YES_ERROR;
				CLANG_WARN_QUOTED_INCLUDE_IN_FRAMEWORK_HEADER = YES;
				CLANG_WARN_RANGE_LOOP_ANALYSIS = YES;
				CLANG_WARN_STRICT_PROTOTYPES = YES;
				CLANG_WARN_SUSPICIOUS_MOVE = YES;
				CLANG_WARN_UNGUARDED_AVAILABILITY = YES_AGGRESSIVE;
				CLANG_WARN_UNREACHABLE_CODE = YES;
				CLANG_WARN__DUPLICATE_METHOD_MATCH = YES;
				COPY_PHASE_STRIP = NO;
				DEBUG_INFORMATION_FORMAT = "dwarf-with-dsym";
				ENABLE_NS_ASSERTIONS = NO;
				ENABLE_STRICT_OBJC_MSGSEND = YES;
				GCC_C_LANGUAGE_STANDARD = gnu11;
				GCC_NO_COMMON_BLOCKS = YES;
				GCC_WARN_64_TO_32_BIT_CONVERSION = YES;
				GCC_WARN_ABOUT_RETURN_TYPE = YES_ERROR;
				GCC_WARN_UNDECLARED_SELECTOR = YES;
				GCC_WARN_UNINITIALIZED_AUTOS = YES_AGGRESSIVE;
				GCC_WARN_UNUSED_FUNCTION = YES;
				GCC_WARN_UNUSED_VARIABLE = YES;
				IPHONEOS_DEPLOYMENT_TARGET = 15.0;
				MTL_ENABLE_DEBUG_INFO = NO;
				MTL_FAST_MATH = YES;
				SDKROOT = iphoneos;
				SWIFT_COMPILATION_MODE = wholemodule;
				SWIFT_OPTIMIZATION_LEVEL = "-O";
				VALIDATE_PRODUCT = YES;
			};
			name = Release;
		};
		6E930384278AAC60006025AB /* Debug */ = {
			isa = XCBuildConfiguration;
			buildSettings = {
				ASSETCATALOG_COMPILER_APPICON_NAME = AppIcon;
				ASSETCATALOG_COMPILER_GLOBAL_ACCENT_COLOR_NAME = AccentColor;
				CODE_SIGN_STYLE = Automatic;
				DEVELOPMENT_ASSET_PATHS = "\"plapla/Preview Content\"";
				DEVELOPMENT_TEAM = "";
				ENABLE_PREVIEWS = YES;
				INFOPLIST_FILE = plapla/Info.plist;
				IPHONEOS_DEPLOYMENT_TARGET = 14.0;
				LD_RUNPATH_SEARCH_PATHS = (
					"$(inherited)",
					"@executable_path/Frameworks",
				);
				PRODUCT_BUNDLE_IDENTIFIER = com.kenta.maeda.plapla;
				PRODUCT_NAME = "$(TARGET_NAME)";
				SWIFT_VERSION = 5.0;
				TARGETED_DEVICE_FAMILY = 1;
			};
			name = Debug;
		};
		6E930385278AAC60006025AB /* Release */ = {
			isa = XCBuildConfiguration;
			buildSettings = {
				ASSETCATALOG_COMPILER_APPICON_NAME = AppIcon;
				ASSETCATALOG_COMPILER_GLOBAL_ACCENT_COLOR_NAME = AccentColor;
				CODE_SIGN_STYLE = Automatic;
				DEVELOPMENT_ASSET_PATHS = "\"plapla/Preview Content\"";
				DEVELOPMENT_TEAM = "";
				ENABLE_PREVIEWS = YES;
				INFOPLIST_FILE = plapla/Info.plist;
				IPHONEOS_DEPLOYMENT_TARGET = 14.0;
				LD_RUNPATH_SEARCH_PATHS = (
					"$(inherited)",
					"@executable_path/Frameworks",
				);
				PRODUCT_BUNDLE_IDENTIFIER = com.kenta.maeda.plapla;
				PRODUCT_NAME = "$(TARGET_NAME)";
				SWIFT_VERSION = 5.0;
				TARGETED_DEVICE_FAMILY = 1;
			};
			name = Release;
		};
/* End XCBuildConfiguration section */

/* Begin XCConfigurationList section */
		6E93036F278AAC5F006025AB /* Build configuration list for PBXProject "plapla" */ = {
			isa = XCConfigurationList;
			buildConfigurations = (
				6E930381278AAC60006025AB /* Debug */,
				6E930382278AAC60006025AB /* Release */,
			);
			defaultConfigurationIsVisible = 0;
			defaultConfigurationName = Release;
		};
		6E930383278AAC60006025AB /* Build configuration list for PBXNativeTarget "plapla" */ = {
			isa = XCConfigurationList;
			buildConfigurations = (
				6E930384278AAC60006025AB /* Debug */,
				6E930385278AAC60006025AB /* Release */,
			);
			defaultConfigurationIsVisible = 0;
			defaultConfigurationName = Release;
		};
/* End XCConfigurationList section */
	};
	rootObject = 6E93036C278AAC5F006025AB /* Project object */;
}
